
Microsoft Visual Studio Solution File, Format Version 12.00
# Visual Studio 15
VisualStudioVersion = 15.0.28010.2026
MinimumVisualStudioVersion = 10.0.40219.1
Project("{FAE04EC0-301F-11D3-BF4B-00C04F79EFBC}") = "Travel-Content-Management-Editor", "Travel-Content-Management-Editor\Travel-Content-Management-Editor.csproj", "{573D6FEE-B646-45DA-8666-DA56CCF5459E}"
EndProject
Project("{FAE04EC0-301F-11D3-BF4B-00C04F79EFBC}") = "Travel-Content-Management-Editor.Tests", "Travel-Content-Management-Editor.Tests\Travel-Content-Management-Editor.Tests.csproj", "{471631DD-5218-4C8B-9E17-E0B0081A9C16}"
EndProject
Global
	GlobalSection(SolutionConfigurationPlatforms) = preSolution
		Debug|Any CPU = Debug|Any CPU
		Release|Any CPU = Release|Any CPU
	EndGlobalSection
	GlobalSection(ProjectConfigurationPlatforms) = postSolution
		{573D6FEE-B646-45DA-8666-DA56CCF5459E}.Debug|Any CPU.ActiveCfg = Debug|Any CPU
		{573D6FEE-B646-45DA-8666-DA56CCF5459E}.Debug|Any CPU.Build.0 = Debug|Any CPU
		{573D6FEE-B646-45DA-8666-DA56CCF5459E}.Release|Any CPU.ActiveCfg = Release|Any CPU
		{573D6FEE-B646-45DA-8666-DA56CCF5459E}.Release|Any CPU.Build.0 = Release|Any CPU
		{471631DD-5218-4C8B-9E17-E0B0081A9C16}.Debug|Any CPU.ActiveCfg = Debug|Any CPU
		{471631DD-5218-4C8B-9E17-E0B0081A9C16}.Debug|Any CPU.Build.0 = Debug|Any CPU
		{471631DD-5218-4C8B-9E17-E0B0081A9C16}.Release|Any CPU.ActiveCfg = Release|Any CPU
		{471631DD-5218-4C8B-9E17-E0B0081A9C16}.Release|Any CPU.Build.0 = Release|Any CPU
	EndGlobalSection
	GlobalSection(SolutionProperties) = preSolution
		HideSolutionNode = FALSE
	EndGlobalSection
	GlobalSection(ExtensibilityGlobals) = postSolution
		SolutionGuid = {695FD0DE-4016-4AB1-AF26-79D4A373E2E8}
	EndGlobalSection
EndGlobal
